
Microsoft Visual Studio Solution File, Format Version 12.00
# Visual Studio Version 16
VisualStudioVersion = 16.0.31424.327
MinimumVisualStudioVersion = 10.0.40219.1
Project("{FAE04EC0-301F-11D3-BF4B-00C04F79EFBC}") = "00_TypesAndVariables", "00_TypesAndVariables\00_TypesAndVariables.csproj", "{30A6769E-E3CE-466A-A7D9-6EC2E2988999}"
EndProject
Project("{FAE04EC0-301F-11D3-BF4B-00C04F79EFBC}") = "01_Operators", "01_Operators\01_Operators.csproj", "{654D1326-44B4-4D69-B2BD-EE9A128FF701}"
EndProject
Project("{FAE04EC0-301F-11D3-BF4B-00C04F79EFBC}") = "02_Conditionals", "02_Conditionals\02_Conditionals.csproj", "{2E21427B-7A3D-4ED5-BACB-EA8465D57A53}"
EndProject
Project("{FAE04EC0-301F-11D3-BF4B-00C04F79EFBC}") = "03_Loops", "03_Loops\03_Loops.csproj", "{6F799FA7-0BA3-435A-AD98-1CABDBA3741C}"
EndProject
Project("{FAE04EC0-301F-11D3-BF4B-00C04F79EFBC}") = "MorningChallenges", "MorningChallenges\MorningChallenges.csproj", "{DA194998-81F5-496B-BA06-46C9C6F4C179}"
EndProject
Project("{FAE04EC0-301F-11D3-BF4B-00C04F79EFBC}") = "04_Classes", "04_Classes\04_Classes.csproj", "{591620C1-DA96-48C1-BB00-85BB3F583C8D}"
EndProject
Project("{FAE04EC0-301F-11D3-BF4B-00C04F79EFBC}") = "05_InheritanceClasses", "05_InheritanceClasses\05_InheritanceClasses.csproj", "{0C20C553-908C-446C-808B-024BF0C74518}"
EndProject
Project("{FAE04EC0-301F-11D3-BF4B-00C04F79EFBC}") = "05_InheritanceTests", "05_InheritanceTests\05_InheritanceTests.csproj", "{7F8FE0C7-A9F0-4720-A0AF-917A8F1E9EA7}"
EndProject
Project("{FAE04EC0-301F-11D3-BF4B-00C04F79EFBC}") = "06_RepositoryPattern_Repository", "06_RepositoryPattern_Repository\06_RepositoryPattern_Repository.csproj", "{6E5FA2DC-C568-4CA5-981B-B121C7D80293}"
EndProject
Project("{FAE04EC0-301F-11D3-BF4B-00C04F79EFBC}") = "06_RepositoryPattern_Tests", "06_RepositoryPattern_Tests\06_RepositoryPattern_Tests.csproj", "{53537EB1-173D-4EA4-A839-B662BE30CC79}"
EndProject
Project("{FAE04EC0-301F-11D3-BF4B-00C04F79EFBC}") = "07_StreamingContent_Console", "07_StreamingContent_Console\07_StreamingContent_Console.csproj", "{14C73F9C-DAA5-4F11-84C4-9D377D46072B}"
EndProject
Project("{2150E333-8FDC-42A3-9474-1A3956D46DE8}") = "CalculatorChallenge", "CalculatorChallenge", "{307D1B37-4F34-40C2-BF7D-692BF8D9A15C}"
EndProject
Project("{FAE04EC0-301F-11D3-BF4B-00C04F79EFBC}") = "CalculatorChallenge", "CalculatorChallenge\CalculatorChallenge.csproj", "{714F33E7-4A1C-4093-B129-E2DDF19A0F56}"
EndProject
Project("{FAE04EC0-301F-11D3-BF4B-00C04F79EFBC}") = "08_StreamingContent_Inheritance", "08_StreamingContent_Inheritance\08_StreamingContent_Inheritance.csproj", "{1B5C578D-CE11-4566-A6B7-3A0B1C79588F}"
EndProject
Project("{FAE04EC0-301F-11D3-BF4B-00C04F79EFBC}") = "08_StreamingContent_InheritanceTests", "08_StreamingContent_InheritanceTests\08_StreamingContent_InheritanceTests.csproj", "{377D53F7-C0CE-497F-9D3A-4E793B4EEFA4}"
EndProject
Project("{FAE04EC0-301F-11D3-BF4B-00C04F79EFBC}") = "09_Interfaces_Library", "09_Interfaces_Library\09_Interfaces_Library.csproj", "{1C65CB59-9538-476F-889A-A4115E37C741}"
EndProject
Project("{FAE04EC0-301F-11D3-BF4B-00C04F79EFBC}") = "09_Interfaces_Tests", "09_Interfaces_Tests\09_Interfaces_Tests.csproj", "{5FFDD5F3-0EB9-4D96-872D-96F55CE710E6}"
EndProject
Project("{FAE04EC0-301F-11D3-BF4B-00C04F79EFBC}") = "07_StreamingContent_Console_Tests", "07_StreamingContent_Console_Tests\07_StreamingContent_Console_Tests.csproj", "{533645CC-F7CB-42C8-A06C-F0BB0727900F}"
EndProject
Global
	GlobalSection(SolutionConfigurationPlatforms) = preSolution
		Debug|Any CPU = Debug|Any CPU
		Release|Any CPU = Release|Any CPU
	EndGlobalSection
	GlobalSection(ProjectConfigurationPlatforms) = postSolution
		{30A6769E-E3CE-466A-A7D9-6EC2E2988999}.Debug|Any CPU.ActiveCfg = Debug|Any CPU
		{30A6769E-E3CE-466A-A7D9-6EC2E2988999}.Debug|Any CPU.Build.0 = Debug|Any CPU
		{30A6769E-E3CE-466A-A7D9-6EC2E2988999}.Release|Any CPU.ActiveCfg = Release|Any CPU
		{30A6769E-E3CE-466A-A7D9-6EC2E2988999}.Release|Any CPU.Build.0 = Release|Any CPU
		{654D1326-44B4-4D69-B2BD-EE9A128FF701}.Debug|Any CPU.ActiveCfg = Debug|Any CPU
		{654D1326-44B4-4D69-B2BD-EE9A128FF701}.Debug|Any CPU.Build.0 = Debug|Any CPU
		{654D1326-44B4-4D69-B2BD-EE9A128FF701}.Release|Any CPU.ActiveCfg = Release|Any CPU
		{654D1326-44B4-4D69-B2BD-EE9A128FF701}.Release|Any CPU.Build.0 = Release|Any CPU
		{2E21427B-7A3D-4ED5-BACB-EA8465D57A53}.Debug|Any CPU.ActiveCfg = Debug|Any CPU
		{2E21427B-7A3D-4ED5-BACB-EA8465D57A53}.Debug|Any CPU.Build.0 = Debug|Any CPU
		{2E21427B-7A3D-4ED5-BACB-EA8465D57A53}.Release|Any CPU.ActiveCfg = Release|Any CPU
		{2E21427B-7A3D-4ED5-BACB-EA8465D57A53}.Release|Any CPU.Build.0 = Release|Any CPU
		{6F799FA7-0BA3-435A-AD98-1CABDBA3741C}.Debug|Any CPU.ActiveCfg = Debug|Any CPU
		{6F799FA7-0BA3-435A-AD98-1CABDBA3741C}.Debug|Any CPU.Build.0 = Debug|Any CPU
		{6F799FA7-0BA3-435A-AD98-1CABDBA3741C}.Release|Any CPU.ActiveCfg = Release|Any CPU
		{6F799FA7-0BA3-435A-AD98-1CABDBA3741C}.Release|Any CPU.Build.0 = Release|Any CPU
		{DA194998-81F5-496B-BA06-46C9C6F4C179}.Debug|Any CPU.ActiveCfg = Debug|Any CPU
		{DA194998-81F5-496B-BA06-46C9C6F4C179}.Debug|Any CPU.Build.0 = Debug|Any CPU
		{DA194998-81F5-496B-BA06-46C9C6F4C179}.Release|Any CPU.ActiveCfg = Release|Any CPU
		{DA194998-81F5-496B-BA06-46C9C6F4C179}.Release|Any CPU.Build.0 = Release|Any CPU
		{591620C1-DA96-48C1-BB00-85BB3F583C8D}.Debug|Any CPU.ActiveCfg = Debug|Any CPU
		{591620C1-DA96-48C1-BB00-85BB3F583C8D}.Debug|Any CPU.Build.0 = Debug|Any CPU
		{591620C1-DA96-48C1-BB00-85BB3F583C8D}.Release|Any CPU.ActiveCfg = Release|Any CPU
		{591620C1-DA96-48C1-BB00-85BB3F583C8D}.Release|Any CPU.Build.0 = Release|Any CPU
		{0C20C553-908C-446C-808B-024BF0C74518}.Debug|Any CPU.ActiveCfg = Debug|Any CPU
		{0C20C553-908C-446C-808B-024BF0C74518}.Debug|Any CPU.Build.0 = Debug|Any CPU
		{0C20C553-908C-446C-808B-024BF0C74518}.Release|Any CPU.ActiveCfg = Release|Any CPU
		{0C20C553-908C-446C-808B-024BF0C74518}.Release|Any CPU.Build.0 = Release|Any CPU
		{7F8FE0C7-A9F0-4720-A0AF-917A8F1E9EA7}.Debug|Any CPU.ActiveCfg = Debug|Any CPU
		{7F8FE0C7-A9F0-4720-A0AF-917A8F1E9EA7}.Debug|Any CPU.Build.0 = Debug|Any CPU
		{7F8FE0C7-A9F0-4720-A0AF-917A8F1E9EA7}.Release|Any CPU.ActiveCfg = Release|Any CPU
		{7F8FE0C7-A9F0-4720-A0AF-917A8F1E9EA7}.Release|Any CPU.Build.0 = Release|Any CPU
		{6E5FA2DC-C568-4CA5-981B-B121C7D80293}.Debug|Any CPU.ActiveCfg = Debug|Any CPU
		{6E5FA2DC-C568-4CA5-981B-B121C7D80293}.Debug|Any CPU.Build.0 = Debug|Any CPU
		{6E5FA2DC-C568-4CA5-981B-B121C7D80293}.Release|Any CPU.ActiveCfg = Release|Any CPU
		{6E5FA2DC-C568-4CA5-981B-B121C7D80293}.Release|Any CPU.Build.0 = Release|Any CPU
		{53537EB1-173D-4EA4-A839-B662BE30CC79}.Debug|Any CPU.ActiveCfg = Debug|Any CPU
		{53537EB1-173D-4EA4-A839-B662BE30CC79}.Debug|Any CPU.Build.0 = Debug|Any CPU
		{53537EB1-173D-4EA4-A839-B662BE30CC79}.Release|Any CPU.ActiveCfg = Release|Any CPU
		{53537EB1-173D-4EA4-A839-B662BE30CC79}.Release|Any CPU.Build.0 = Release|Any CPU
		{14C73F9C-DAA5-4F11-84C4-9D377D46072B}.Debug|Any CPU.ActiveCfg = Debug|Any CPU
		{14C73F9C-DAA5-4F11-84C4-9D377D46072B}.Debug|Any CPU.Build.0 = Debug|Any CPU
		{14C73F9C-DAA5-4F11-84C4-9D377D46072B}.Release|Any CPU.ActiveCfg = Release|Any CPU
		{14C73F9C-DAA5-4F11-84C4-9D377D46072B}.Release|Any CPU.Build.0 = Release|Any CPU
		{714F33E7-4A1C-4093-B129-E2DDF19A0F56}.Debug|Any CPU.ActiveCfg = Debug|Any CPU
		{714F33E7-4A1C-4093-B129-E2DDF19A0F56}.Debug|Any CPU.Build.0 = Debug|Any CPU
		{714F33E7-4A1C-4093-B129-E2DDF19A0F56}.Release|Any CPU.ActiveCfg = Release|Any CPU
		{714F33E7-4A1C-4093-B129-E2DDF19A0F56}.Release|Any CPU.Build.0 = Release|Any CPU
		{1B5C578D-CE11-4566-A6B7-3A0B1C79588F}.Debug|Any CPU.ActiveCfg = Debug|Any CPU
		{1B5C578D-CE11-4566-A6B7-3A0B1C79588F}.Debug|Any CPU.Build.0 = Debug|Any CPU
		{1B5C578D-CE11-4566-A6B7-3A0B1C79588F}.Release|Any CPU.ActiveCfg = Release|Any CPU
		{1B5C578D-CE11-4566-A6B7-3A0B1C79588F}.Release|Any CPU.Build.0 = Release|Any CPU
		{377D53F7-C0CE-497F-9D3A-4E793B4EEFA4}.Debug|Any CPU.ActiveCfg = Debug|Any CPU
		{377D53F7-C0CE-497F-9D3A-4E793B4EEFA4}.Debug|Any CPU.Build.0 = Debug|Any CPU
		{377D53F7-C0CE-497F-9D3A-4E793B4EEFA4}.Release|Any CPU.ActiveCfg = Release|Any CPU
		{377D53F7-C0CE-497F-9D3A-4E793B4EEFA4}.Release|Any CPU.Build.0 = Release|Any CPU
		{1C65CB59-9538-476F-889A-A4115E37C741}.Debug|Any CPU.ActiveCfg = Debug|Any CPU
		{1C65CB59-9538-476F-889A-A4115E37C741}.Debug|Any CPU.Build.0 = Debug|Any CPU
		{1C65CB59-9538-476F-889A-A4115E37C741}.Release|Any CPU.ActiveCfg = Release|Any CPU
		{1C65CB59-9538-476F-889A-A4115E37C741}.Release|Any CPU.Build.0 = Release|Any CPU
		{5FFDD5F3-0EB9-4D96-872D-96F55CE710E6}.Debug|Any CPU.ActiveCfg = Debug|Any CPU
		{5FFDD5F3-0EB9-4D96-872D-96F55CE710E6}.Debug|Any CPU.Build.0 = Debug|Any CPU
		{5FFDD5F3-0EB9-4D96-872D-96F55CE710E6}.Release|Any CPU.ActiveCfg = Release|Any CPU
		{5FFDD5F3-0EB9-4D96-872D-96F55CE710E6}.Release|Any CPU.Build.0 = Release|Any CPU
		{533645CC-F7CB-42C8-A06C-F0BB0727900F}.Debug|Any CPU.ActiveCfg = Debug|Any CPU
		{533645CC-F7CB-42C8-A06C-F0BB0727900F}.Debug|Any CPU.Build.0 = Debug|Any CPU
		{533645CC-F7CB-42C8-A06C-F0BB0727900F}.Release|Any CPU.ActiveCfg = Release|Any CPU
		{533645CC-F7CB-42C8-A06C-F0BB0727900F}.Release|Any CPU.Build.0 = Release|Any CPU
	EndGlobalSection
	GlobalSection(SolutionProperties) = preSolution
		HideSolutionNode = FALSE
	EndGlobalSection
	GlobalSection(NestedProjects) = preSolution
		{714F33E7-4A1C-4093-B129-E2DDF19A0F56} = {307D1B37-4F34-40C2-BF7D-692BF8D9A15C}
	EndGlobalSection
	GlobalSection(ExtensibilityGlobals) = postSolution
		SolutionGuid = {56887D93-041D-4E5C-876C-5096E8AF3FD9}
	EndGlobalSection
EndGlobal
